// !$*UTF8*$!
{
	archiveVersion = 1;
	classes = {
	};
	objectVersion = 46;
	objects = {

/* Begin PBXBuildFile section */
		4AE088F1ED810B03CAF56B62 /* Pods_Project1_DuyUITests.framework in Frameworks */ = {isa = PBXBuildFile; fileRef = CB8080472CA7D30F6BACA283 /* Pods_Project1_DuyUITests.framework */; };
		98FD88F0EF11DADE31FD0568 /* Pods_Project1_Duy.framework in Frameworks */ = {isa = PBXBuildFile; fileRef = 75ED4F7726DFF64C3C83224A /* Pods_Project1_Duy.framework */; };
		C5F0C3DED43341B994ABFBBE /* Pods_Project1_DuyTests.framework in Frameworks */ = {isa = PBXBuildFile; fileRef = 02B115872BD261466FA9C408 /* Pods_Project1_DuyTests.framework */; };
		E10212831FA1D23C00450C9F /* UserProfile.swift in Sources */ = {isa = PBXBuildFile; fileRef = E10212821FA1D23C00450C9F /* UserProfile.swift */; };
		E10437801F6529F400582385 /* NavigationCustom.swift in Sources */ = {isa = PBXBuildFile; fileRef = E104377F1F6529F400582385 /* NavigationCustom.swift */; };
		E10437821F652A6800582385 /* ManHinhHomeController.swift in Sources */ = {isa = PBXBuildFile; fileRef = E10437811F652A6800582385 /* ManHinhHomeController.swift */; };
		E10437861F652C6600582385 /* ExtensionForUserDefauls.swift in Sources */ = {isa = PBXBuildFile; fileRef = E10437851F652C6600582385 /* ExtensionForUserDefauls.swift */; };
		E113B08C1FA1023C0041976C /* LoadingViewController.swift in Sources */ = {isa = PBXBuildFile; fileRef = E113B08B1FA1023C0041976C /* LoadingViewController.swift */; };
		E12F3D661F7B89E70076F377 /* MainTableViewCell.swift in Sources */ = {isa = PBXBuildFile; fileRef = E12F3D651F7B89E70076F377 /* MainTableViewCell.swift */; };
		E13A8B331F617EA8002B32E4 /* AppDelegate.swift in Sources */ = {isa = PBXBuildFile; fileRef = E13A8B321F617EA8002B32E4 /* AppDelegate.swift */; };
		E13A8B351F617EA8002B32E4 /* ViewController.swift in Sources */ = {isa = PBXBuildFile; fileRef = E13A8B341F617EA8002B32E4 /* ViewController.swift */; };
		E13A8B381F617EA8002B32E4 /* Main.storyboard in Resources */ = {isa = PBXBuildFile; fileRef = E13A8B361F617EA8002B32E4 /* Main.storyboard */; };
		E13A8B3B1F617EA8002B32E4 /* Project1_Duy.xcdatamodeld in Sources */ = {isa = PBXBuildFile; fileRef = E13A8B391F617EA8002B32E4 /* Project1_Duy.xcdatamodeld */; };
		E13A8B3D1F617EA8002B32E4 /* Assets.xcassets in Resources */ = {isa = PBXBuildFile; fileRef = E13A8B3C1F617EA8002B32E4 /* Assets.xcassets */; };
		E13A8B401F617EA8002B32E4 /* LaunchScreen.storyboard in Resources */ = {isa = PBXBuildFile; fileRef = E13A8B3E1F617EA8002B32E4 /* LaunchScreen.storyboard */; };
		E13A8B4B1F617EA8002B32E4 /* Project1_DuyTests.swift in Sources */ = {isa = PBXBuildFile; fileRef = E13A8B4A1F617EA8002B32E4 /* Project1_DuyTests.swift */; };
		E13A8B561F617EA8002B32E4 /* Project1_DuyUITests.swift in Sources */ = {isa = PBXBuildFile; fileRef = E13A8B551F617EA8002B32E4 /* Project1_DuyUITests.swift */; };
		E145D00F1F624F9E008990B4 /* Extension.swift in Sources */ = {isa = PBXBuildFile; fileRef = E145D00E1F624F9E008990B4 /* Extension.swift */; };
		E145D0111F63A635008990B4 /* ChaoMungCell.swift in Sources */ = {isa = PBXBuildFile; fileRef = E145D0101F63A635008990B4 /* ChaoMungCell.swift */; };
		E145D0131F63B387008990B4 /* Main.swift in Sources */ = {isa = PBXBuildFile; fileRef = E145D0121F63B387008990B4 /* Main.swift */; };
		E1492B841F9A4044009AF557 /* webcontroller.swift in Sources */ = {isa = PBXBuildFile; fileRef = E1492B831F9A4044009AF557 /* webcontroller.swift */; };
		E152B60F1FA8CA4000571CAF /* Realm.swift in Sources */ = {isa = PBXBuildFile; fileRef = E152B60E1FA8CA4000571CAF /* Realm.swift */; };
		E152B6111FA8CBCE00571CAF /* UserRealm.swift in Sources */ = {isa = PBXBuildFile; fileRef = E152B6101FA8CBCE00571CAF /* UserRealm.swift */; };
		E152B6131FA8CFC000571CAF /* RealmService.swift in Sources */ = {isa = PBXBuildFile; fileRef = E152B6121FA8CFC000571CAF /* RealmService.swift */; };
		E157650D1FA481D20072FCE1 /* DangNhapcontroller.swift in Sources */ = {isa = PBXBuildFile; fileRef = E157650C1FA481D20072FCE1 /* DangNhapcontroller.swift */; };
		E184032C1F619B9C00570A74 /* Trang.swift in Sources */ = {isa = PBXBuildFile; fileRef = E184032B1F619B9C00570A74 /* Trang.swift */; };
		E1A6B64E1FAA3F090023819E /* RightMenu.swift in Sources */ = {isa = PBXBuildFile; fileRef = E1A6B64D1FAA3F090023819E /* RightMenu.swift */; };
		E1A6B6501FAA452F0023819E /* rightmenuCell.swift in Sources */ = {isa = PBXBuildFile; fileRef = E1A6B64F1FAA452F0023819E /* rightmenuCell.swift */; };
		E1B7048D1F61883B0084D0E9 /* PageCell.swift in Sources */ = {isa = PBXBuildFile; fileRef = E1B7048C1F61883B0084D0E9 /* PageCell.swift */; };
		E1C239701F6A33E6000ECA09 /* SWRevealViewController.m in Sources */ = {isa = PBXBuildFile; fileRef = E1C2396F1F6A33E6000ECA09 /* SWRevealViewController.m */; };
		E1C239721F6A3C16000ECA09 /* MenuSlide.swift in Sources */ = {isa = PBXBuildFile; fileRef = E1C239711F6A3C16000ECA09 /* MenuSlide.swift */; };
		E1C239761F6A5862000ECA09 /* MenuCusTableViewCell.swift in Sources */ = {isa = PBXBuildFile; fileRef = E1C239751F6A5862000ECA09 /* MenuCusTableViewCell.swift */; };
		E1C239781F6A5B9D000ECA09 /* MenuButton.swift in Sources */ = {isa = PBXBuildFile; fileRef = E1C239771F6A5B9D000ECA09 /* MenuButton.swift */; };
		E1C4278F1FA9FDF7004929FA /* DangKyUserController.swift in Sources */ = {isa = PBXBuildFile; fileRef = E1C4278E1FA9FDF7004929FA /* DangKyUserController.swift */; };
		E1CA48901F9B45D900716946 /* ManHinh2controller.swift in Sources */ = {isa = PBXBuildFile; fileRef = E1CA488F1F9B45D900716946 /* ManHinh2controller.swift */; };
		E1F2B3871F6CE53E00646F8F /* XMLParser.swift in Sources */ = {isa = PBXBuildFile; fileRef = E1F2B3861F6CE53E00646F8F /* XMLParser.swift */; };
		E1F2B3891F6CE67A00646F8F /* MenuTableViewCell.swift in Sources */ = {isa = PBXBuildFile; fileRef = E1F2B3881F6CE67A00646F8F /* MenuTableViewCell.swift */; };
/* End PBXBuildFile section */

/* Begin PBXContainerItemProxy section */
		E13A8B471F617EA8002B32E4 /* PBXContainerItemProxy */ = {
			isa = PBXContainerItemProxy;
			containerPortal = E13A8B271F617EA8002B32E4 /* Project object */;
			proxyType = 1;
			remoteGlobalIDString = E13A8B2E1F617EA8002B32E4;
			remoteInfo = Project1_Duy;
		};
		E13A8B521F617EA8002B32E4 /* PBXContainerItemProxy */ = {
			isa = PBXContainerItemProxy;
			containerPortal = E13A8B271F617EA8002B32E4 /* Project object */;
			proxyType = 1;
			remoteGlobalIDString = E13A8B2E1F617EA8002B32E4;
			remoteInfo = Project1_Duy;
		};
/* End PBXContainerItemProxy section */

/* Begin PBXFileReference section */
		02B115872BD261466FA9C408 /* Pods_Project1_DuyTests.framework */ = {isa = PBXFileReference; explicitFileType = wrapper.framework; includeInIndex = 0; path = Pods_Project1_DuyTests.framework; sourceTree = BUILT_PRODUCTS_DIR; };
		21FD10BD690DAE6FBFFD8E00 /* Pods-Project1_DuyTests.debug.xcconfig */ = {isa = PBXFileReference; includeInIndex = 1; lastKnownFileType = text.xcconfig; name = "Pods-Project1_DuyTests.debug.xcconfig"; path = "Pods/Target Support Files/Pods-Project1_DuyTests/Pods-Project1_DuyTests.debug.xcconfig"; sourceTree = "<group>"; };
		65B49D9CBAEC1CE2FA6B4B99 /* Pods-Project1_DuyUITests.release.xcconfig */ = {isa = PBXFileReference; includeInIndex = 1; lastKnownFileType = text.xcconfig; name = "Pods-Project1_DuyUITests.release.xcconfig"; path = "Pods/Target Support Files/Pods-Project1_DuyUITests/Pods-Project1_DuyUITests.release.xcconfig"; sourceTree = "<group>"; };
		6E02FB9DDAF6F28573CC0034 /* Pods-Project1_DuyTests.release.xcconfig */ = {isa = PBXFileReference; includeInIndex = 1; lastKnownFileType = text.xcconfig; name = "Pods-Project1_DuyTests.release.xcconfig"; path = "Pods/Target Support Files/Pods-Project1_DuyTests/Pods-Project1_DuyTests.release.xcconfig"; sourceTree = "<group>"; };
		75ED4F7726DFF64C3C83224A /* Pods_Project1_Duy.framework */ = {isa = PBXFileReference; explicitFileType = wrapper.framework; includeInIndex = 0; path = Pods_Project1_Duy.framework; sourceTree = BUILT_PRODUCTS_DIR; };
		7C7610DC613DA80A15323AC8 /* Pods-Project1_DuyUITests.debug.xcconfig */ = {isa = PBXFileReference; includeInIndex = 1; lastKnownFileType = text.xcconfig; name = "Pods-Project1_DuyUITests.debug.xcconfig"; path = "Pods/Target Support Files/Pods-Project1_DuyUITests/Pods-Project1_DuyUITests.debug.xcconfig"; sourceTree = "<group>"; };
		875C605CF7B5674BB51AA7E1 /* Pods-Project1_Duy.debug.xcconfig */ = {isa = PBXFileReference; includeInIndex = 1; lastKnownFileType = text.xcconfig; name = "Pods-Project1_Duy.debug.xcconfig"; path = "Pods/Target Support Files/Pods-Project1_Duy/Pods-Project1_Duy.debug.xcconfig"; sourceTree = "<group>"; };
		CB8080472CA7D30F6BACA283 /* Pods_Project1_DuyUITests.framework */ = {isa = PBXFileReference; explicitFileType = wrapper.framework; includeInIndex = 0; path = Pods_Project1_DuyUITests.framework; sourceTree = BUILT_PRODUCTS_DIR; };
		E10212821FA1D23C00450C9F /* UserProfile.swift */ = {isa = PBXFileReference; lastKnownFileType = sourcecode.swift; path = UserProfile.swift; sourceTree = "<group>"; };
		E104377F1F6529F400582385 /* NavigationCustom.swift */ = {isa = PBXFileReference; lastKnownFileType = sourcecode.swift; path = NavigationCustom.swift; sourceTree = "<group>"; };
		E10437811F652A6800582385 /* ManHinhHomeController.swift */ = {isa = PBXFileReference; lastKnownFileType = sourcecode.swift; path = ManHinhHomeController.swift; sourceTree = "<group>"; };
		E10437851F652C6600582385 /* ExtensionForUserDefauls.swift */ = {isa = PBXFileReference; lastKnownFileType = sourcecode.swift; path = ExtensionForUserDefauls.swift; sourceTree = "<group>"; };
		E113B08B1FA1023C0041976C /* LoadingViewController.swift */ = {isa = PBXFileReference; lastKnownFileType = sourcecode.swift; path = LoadingViewController.swift; sourceTree = "<group>"; };
		E12F3D651F7B89E70076F377 /* MainTableViewCell.swift */ = {isa = PBXFileReference; lastKnownFileType = sourcecode.swift; path = MainTableViewCell.swift; sourceTree = "<group>"; };
		E13A8B2F1F617EA8002B32E4 /* Project1_Duy.app */ = {isa = PBXFileReference; explicitFileType = wrapper.application; includeInIndex = 0; path = Project1_Duy.app; sourceTree = BUILT_PRODUCTS_DIR; };
		E13A8B321F617EA8002B32E4 /* AppDelegate.swift */ = {isa = PBXFileReference; lastKnownFileType = sourcecode.swift; path = AppDelegate.swift; sourceTree = "<group>"; };
		E13A8B341F617EA8002B32E4 /* ViewController.swift */ = {isa = PBXFileReference; lastKnownFileType = sourcecode.swift; name = ViewController.swift; path = Project1_Duy/ViewController.swift; sourceTree = "<group>"; };
		E13A8B371F617EA8002B32E4 /* Base */ = {isa = PBXFileReference; lastKnownFileType = file.storyboard; name = Base; path = Base.lproj/Main.storyboard; sourceTree = "<group>"; };
		E13A8B3A1F617EA8002B32E4 /* Project1_Duy.xcdatamodel */ = {isa = PBXFileReference; lastKnownFileType = wrapper.xcdatamodel; path = Project1_Duy.xcdatamodel; sourceTree = "<group>"; };
		E13A8B3C1F617EA8002B32E4 /* Assets.xcassets */ = {isa = PBXFileReference; lastKnownFileType = folder.assetcatalog; path = Assets.xcassets; sourceTree = "<group>"; };
		E13A8B3F1F617EA8002B32E4 /* Base */ = {isa = PBXFileReference; lastKnownFileType = file.storyboard; name = Base; path = Base.lproj/LaunchScreen.storyboard; sourceTree = "<group>"; };
		E13A8B411F617EA8002B32E4 /* Info.plist */ = {isa = PBXFileReference; lastKnownFileType = text.plist.xml; path = Info.plist; sourceTree = "<group>"; };
		E13A8B461F617EA8002B32E4 /* Project1_DuyTests.xctest */ = {isa = PBXFileReference; explicitFileType = wrapper.cfbundle; includeInIndex = 0; path = Project1_DuyTests.xctest; sourceTree = BUILT_PRODUCTS_DIR; };
		E13A8B4A1F617EA8002B32E4 /* Project1_DuyTests.swift */ = {isa = PBXFileReference; lastKnownFileType = sourcecode.swift; path = Project1_DuyTests.swift; sourceTree = "<group>"; };
		E13A8B4C1F617EA8002B32E4 /* Info.plist */ = {isa = PBXFileReference; lastKnownFileType = text.plist.xml; path = Info.plist; sourceTree = "<group>"; };
		E13A8B511F617EA8002B32E4 /* Project1_DuyUITests.xctest */ = {isa = PBXFileReference; explicitFileType = wrapper.cfbundle; includeInIndex = 0; path = Project1_DuyUITests.xctest; sourceTree = BUILT_PRODUCTS_DIR; };
		E13A8B551F617EA8002B32E4 /* Project1_DuyUITests.swift */ = {isa = PBXFileReference; lastKnownFileType = sourcecode.swift; path = Project1_DuyUITests.swift; sourceTree = "<group>"; };
		E13A8B571F617EA8002B32E4 /* Info.plist */ = {isa = PBXFileReference; lastKnownFileType = text.plist.xml; path = Info.plist; sourceTree = "<group>"; };
		E145D00E1F624F9E008990B4 /* Extension.swift */ = {isa = PBXFileReference; lastKnownFileType = sourcecode.swift; path = Extension.swift; sourceTree = "<group>"; };
		E145D0101F63A635008990B4 /* ChaoMungCell.swift */ = {isa = PBXFileReference; lastKnownFileType = sourcecode.swift; path = ChaoMungCell.swift; sourceTree = "<group>"; };
		E145D0121F63B387008990B4 /* Main.swift */ = {isa = PBXFileReference; lastKnownFileType = sourcecode.swift; path = Main.swift; sourceTree = "<group>"; };
		E1492B831F9A4044009AF557 /* webcontroller.swift */ = {isa = PBXFileReference; lastKnownFileType = sourcecode.swift; path = webcontroller.swift; sourceTree = "<group>"; };
		E152B60E1FA8CA4000571CAF /* Realm.swift */ = {isa = PBXFileReference; lastKnownFileType = sourcecode.swift; path = Realm.swift; sourceTree = "<group>"; };
		E152B6101FA8CBCE00571CAF /* UserRealm.swift */ = {isa = PBXFileReference; lastKnownFileType = sourcecode.swift; path = UserRealm.swift; sourceTree = "<group>"; };
		E152B6121FA8CFC000571CAF /* RealmService.swift */ = {isa = PBXFileReference; lastKnownFileType = sourcecode.swift; path = RealmService.swift; sourceTree = "<group>"; };
		E157650C1FA481D20072FCE1 /* DangNhapcontroller.swift */ = {isa = PBXFileReference; lastKnownFileType = sourcecode.swift; path = DangNhapcontroller.swift; sourceTree = "<group>"; };
		E184032B1F619B9C00570A74 /* Trang.swift */ = {isa = PBXFileReference; fileEncoding = 4; lastKnownFileType = sourcecode.swift; path = Trang.swift; sourceTree = "<group>"; };
		E1A6B64D1FAA3F090023819E /* RightMenu.swift */ = {isa = PBXFileReference; lastKnownFileType = sourcecode.swift; path = RightMenu.swift; sourceTree = "<group>"; };
		E1A6B64F1FAA452F0023819E /* rightmenuCell.swift */ = {isa = PBXFileReference; lastKnownFileType = sourcecode.swift; path = rightmenuCell.swift; sourceTree = "<group>"; };
		E1B7048C1F61883B0084D0E9 /* PageCell.swift */ = {isa = PBXFileReference; fileEncoding = 4; lastKnownFileType = sourcecode.swift; name = PageCell.swift; path = Project1_Duy/PageCell.swift; sourceTree = "<group>"; };
		E1C2396D1F6A33E5000ECA09 /* Project1_Duy-Bridging-Header.h */ = {isa = PBXFileReference; lastKnownFileType = sourcecode.c.h; path = "Project1_Duy-Bridging-Header.h"; sourceTree = "<group>"; };
		E1C2396E1F6A33E6000ECA09 /* SWRevealViewController.h */ = {isa = PBXFileReference; lastKnownFileType = sourcecode.c.h; path = SWRevealViewController.h; sourceTree = "<group>"; };
		E1C2396F1F6A33E6000ECA09 /* SWRevealViewController.m */ = {isa = PBXFileReference; lastKnownFileType = sourcecode.c.objc; path = SWRevealViewController.m; sourceTree = "<group>"; };
		E1C239711F6A3C16000ECA09 /* MenuSlide.swift */ = {isa = PBXFileReference; lastKnownFileType = sourcecode.swift; path = MenuSlide.swift; sourceTree = "<group>"; };
		E1C239751F6A5862000ECA09 /* MenuCusTableViewCell.swift */ = {isa = PBXFileReference; lastKnownFileType = sourcecode.swift; path = MenuCusTableViewCell.swift; sourceTree = "<group>"; };
		E1C239771F6A5B9D000ECA09 /* MenuButton.swift */ = {isa = PBXFileReference; lastKnownFileType = sourcecode.swift; path = MenuButton.swift; sourceTree = "<group>"; };
		E1C4278E1FA9FDF7004929FA /* DangKyUserController.swift */ = {isa = PBXFileReference; lastKnownFileType = sourcecode.swift; path = DangKyUserController.swift; sourceTree = "<group>"; };
		E1CA488F1F9B45D900716946 /* ManHinh2controller.swift */ = {isa = PBXFileReference; lastKnownFileType = sourcecode.swift; path = ManHinh2controller.swift; sourceTree = "<group>"; };
		E1F2B3861F6CE53E00646F8F /* XMLParser.swift */ = {isa = PBXFileReference; lastKnownFileType = sourcecode.swift; path = XMLParser.swift; sourceTree = "<group>"; };
		E1F2B3881F6CE67A00646F8F /* MenuTableViewCell.swift */ = {isa = PBXFileReference; lastKnownFileType = sourcecode.swift; path = MenuTableViewCell.swift; sourceTree = "<group>"; };
		F9EC620ABB6735BC5AD777BB /* Pods-Project1_Duy.release.xcconfig */ = {isa = PBXFileReference; includeInIndex = 1; lastKnownFileType = text.xcconfig; name = "Pods-Project1_Duy.release.xcconfig"; path = "Pods/Target Support Files/Pods-Project1_Duy/Pods-Project1_Duy.release.xcconfig"; sourceTree = "<group>"; };
/* End PBXFileReference section */

/* Begin PBXFrameworksBuildPhase section */
		E13A8B2C1F617EA8002B32E4 /* Frameworks */ = {
			isa = PBXFrameworksBuildPhase;
			buildActionMask = 2147483647;
			files = (
				98FD88F0EF11DADE31FD0568 /* Pods_Project1_Duy.framework in Frameworks */,
			);
			runOnlyForDeploymentPostprocessing = 0;
		};
		E13A8B431F617EA8002B32E4 /* Frameworks */ = {
			isa = PBXFrameworksBuildPhase;
			buildActionMask = 2147483647;
			files = (
				C5F0C3DED43341B994ABFBBE /* Pods_Project1_DuyTests.framework in Frameworks */,
			);
			runOnlyForDeploymentPostprocessing = 0;
		};
		E13A8B4E1F617EA8002B32E4 /* Frameworks */ = {
			isa = PBXFrameworksBuildPhase;
			buildActionMask = 2147483647;
			files = (
				4AE088F1ED810B03CAF56B62 /* Pods_Project1_DuyUITests.framework in Frameworks */,
			);
			runOnlyForDeploymentPostprocessing = 0;
		};
/* End PBXFrameworksBuildPhase section */

/* Begin PBXGroup section */
		000548D16DCECAB0E3A8846E /* Pods */ = {
			isa = PBXGroup;
			children = (
				875C605CF7B5674BB51AA7E1 /* Pods-Project1_Duy.debug.xcconfig */,
				F9EC620ABB6735BC5AD777BB /* Pods-Project1_Duy.release.xcconfig */,
				21FD10BD690DAE6FBFFD8E00 /* Pods-Project1_DuyTests.debug.xcconfig */,
				6E02FB9DDAF6F28573CC0034 /* Pods-Project1_DuyTests.release.xcconfig */,
				7C7610DC613DA80A15323AC8 /* Pods-Project1_DuyUITests.debug.xcconfig */,
				65B49D9CBAEC1CE2FA6B4B99 /* Pods-Project1_DuyUITests.release.xcconfig */,
			);
			name = Pods;
			sourceTree = "<group>";
		};
		29B1416DDD54BCDFC969BAC1 /* Frameworks */ = {
			isa = PBXGroup;
			children = (
				75ED4F7726DFF64C3C83224A /* Pods_Project1_Duy.framework */,
				02B115872BD261466FA9C408 /* Pods_Project1_DuyTests.framework */,
				CB8080472CA7D30F6BACA283 /* Pods_Project1_DuyUITests.framework */,
			);
			name = Frameworks;
			sourceTree = "<group>";
		};
		E13A8B261F617EA8002B32E4 = {
			isa = PBXGroup;
			children = (
				E18403281F619B6D00570A74 /* Model */,
				E18403291F619B7400570A74 /* View */,
				E184032A1F619B7B00570A74 /* Controller */,
				E13A8B311F617EA8002B32E4 /* Project1_Duy */,
				E13A8B491F617EA8002B32E4 /* Project1_DuyTests */,
				E13A8B541F617EA8002B32E4 /* Project1_DuyUITests */,
				E13A8B301F617EA8002B32E4 /* Products */,
				000548D16DCECAB0E3A8846E /* Pods */,
				29B1416DDD54BCDFC969BAC1 /* Frameworks */,
			);
			sourceTree = "<group>";
		};
		E13A8B301F617EA8002B32E4 /* Products */ = {
			isa = PBXGroup;
			children = (
				E13A8B2F1F617EA8002B32E4 /* Project1_Duy.app */,
				E13A8B461F617EA8002B32E4 /* Project1_DuyTests.xctest */,
				E13A8B511F617EA8002B32E4 /* Project1_DuyUITests.xctest */,
			);
			name = Products;
			sourceTree = "<group>";
		};
		E13A8B311F617EA8002B32E4 /* Project1_Duy */ = {
			isa = PBXGroup;
			children = (
				E1C2396E1F6A33E6000ECA09 /* SWRevealViewController.h */,
				E1C2396F1F6A33E6000ECA09 /* SWRevealViewController.m */,
				E13A8B321F617EA8002B32E4 /* AppDelegate.swift */,
				E13A8B3C1F617EA8002B32E4 /* Assets.xcassets */,
				E13A8B411F617EA8002B32E4 /* Info.plist */,
				E13A8B391F617EA8002B32E4 /* Project1_Duy.xcdatamodeld */,
				E1C2396D1F6A33E5000ECA09 /* Project1_Duy-Bridging-Header.h */,
			);
			path = Project1_Duy;
			sourceTree = "<group>";
		};
		E13A8B491F617EA8002B32E4 /* Project1_DuyTests */ = {
			isa = PBXGroup;
			children = (
				E13A8B4A1F617EA8002B32E4 /* Project1_DuyTests.swift */,
				E13A8B4C1F617EA8002B32E4 /* Info.plist */,
			);
			path = Project1_DuyTests;
			sourceTree = "<group>";
		};
		E13A8B541F617EA8002B32E4 /* Project1_DuyUITests */ = {
			isa = PBXGroup;
			children = (
				E13A8B551F617EA8002B32E4 /* Project1_DuyUITests.swift */,
				E13A8B571F617EA8002B32E4 /* Info.plist */,
			);
			path = Project1_DuyUITests;
			sourceTree = "<group>";
		};
		E18403281F619B6D00570A74 /* Model */ = {
			isa = PBXGroup;
			children = (
				E184032B1F619B9C00570A74 /* Trang.swift */,
				E1C239771F6A5B9D000ECA09 /* MenuButton.swift */,
				E1F2B3881F6CE67A00646F8F /* MenuTableViewCell.swift */,
				E10212821FA1D23C00450C9F /* UserProfile.swift */,
				E152B6101FA8CBCE00571CAF /* UserRealm.swift */,
			);
			name = Model;
			sourceTree = "<group>";
		};
		E18403291F619B7400570A74 /* View */ = {
			isa = PBXGroup;
			children = (
				E13A8B361F617EA8002B32E4 /* Main.storyboard */,
				E13A8B3E1F617EA8002B32E4 /* LaunchScreen.storyboard */,
				E1B7048C1F61883B0084D0E9 /* PageCell.swift */,
				E145D0101F63A635008990B4 /* ChaoMungCell.swift */,
				E145D00E1F624F9E008990B4 /* Extension.swift */,
				E10437851F652C6600582385 /* ExtensionForUserDefauls.swift */,
				E1C239751F6A5862000ECA09 /* MenuCusTableViewCell.swift */,
				E1A6B64F1FAA452F0023819E /* rightmenuCell.swift */,
				E12F3D651F7B89E70076F377 /* MainTableViewCell.swift */,
				E113B08B1FA1023C0041976C /* LoadingViewController.swift */,
			);
			name = View;
			sourceTree = "<group>";
		};
		E184032A1F619B7B00570A74 /* Controller */ = {
			isa = PBXGroup;
			children = (
				E1F2B3861F6CE53E00646F8F /* XMLParser.swift */,
				E13A8B341F617EA8002B32E4 /* ViewController.swift */,
				E104377F1F6529F400582385 /* NavigationCustom.swift */,
				E10437811F652A6800582385 /* ManHinhHomeController.swift */,
				E145D0121F63B387008990B4 /* Main.swift */,
				E1A6B64D1FAA3F090023819E /* RightMenu.swift */,
				E1C239711F6A3C16000ECA09 /* MenuSlide.swift */,
				E1492B831F9A4044009AF557 /* webcontroller.swift */,
				E1CA488F1F9B45D900716946 /* ManHinh2controller.swift */,
				E157650C1FA481D20072FCE1 /* DangNhapcontroller.swift */,
				E152B60E1FA8CA4000571CAF /* Realm.swift */,
				E152B6121FA8CFC000571CAF /* RealmService.swift */,
				E1C4278E1FA9FDF7004929FA /* DangKyUserController.swift */,
			);
			name = Controller;
			sourceTree = "<group>";
		};
/* End PBXGroup section */

/* Begin PBXNativeTarget section */
		E13A8B2E1F617EA8002B32E4 /* Project1_Duy */ = {
			isa = PBXNativeTarget;
			buildConfigurationList = E13A8B5A1F617EA8002B32E4 /* Build configuration list for PBXNativeTarget "Project1_Duy" */;
			buildPhases = (
				F29C7D8668C9510353EED8CB /* [CP] Check Pods Manifest.lock */,
				E13A8B2B1F617EA8002B32E4 /* Sources */,
				E13A8B2C1F617EA8002B32E4 /* Frameworks */,
				E13A8B2D1F617EA8002B32E4 /* Resources */,
				D3488A1363DA35E3287A804A /* [CP] Embed Pods Frameworks */,
				EEC33716F179585AFEC08881 /* [CP] Copy Pods Resources */,
			);
			buildRules = (
			);
			dependencies = (
			);
			name = Project1_Duy;
			productName = Project1_Duy;
			productReference = E13A8B2F1F617EA8002B32E4 /* Project1_Duy.app */;
			productType = "com.apple.product-type.application";
		};
		E13A8B451F617EA8002B32E4 /* Project1_DuyTests */ = {
			isa = PBXNativeTarget;
			buildConfigurationList = E13A8B5D1F617EA8002B32E4 /* Build configuration list for PBXNativeTarget "Project1_DuyTests" */;
			buildPhases = (
				D260B5AB395B01390FE034EB /* [CP] Check Pods Manifest.lock */,
				E13A8B421F617EA8002B32E4 /* Sources */,
				E13A8B431F617EA8002B32E4 /* Frameworks */,
				E13A8B441F617EA8002B32E4 /* Resources */,
				ABF4C28F581BBD0131180EB6 /* [CP] Embed Pods Frameworks */,
				5D4005E0D03661D1F2139D00 /* [CP] Copy Pods Resources */,
			);
			buildRules = (
			);
			dependencies = (
				E13A8B481F617EA8002B32E4 /* PBXTargetDependency */,
			);
			name = Project1_DuyTests;
			productName = Project1_DuyTests;
			productReference = E13A8B461F617EA8002B32E4 /* Project1_DuyTests.xctest */;
			productType = "com.apple.product-type.bundle.unit-test";
		};
		E13A8B501F617EA8002B32E4 /* Project1_DuyUITests */ = {
			isa = PBXNativeTarget;
			buildConfigurationList = E13A8B601F617EA8002B32E4 /* Build configuration list for PBXNativeTarget "Project1_DuyUITests" */;
			buildPhases = (
				48048689C54203745FC52F14 /* [CP] Check Pods Manifest.lock */,
				E13A8B4D1F617EA8002B32E4 /* Sources */,
				E13A8B4E1F617EA8002B32E4 /* Frameworks */,
				E13A8B4F1F617EA8002B32E4 /* Resources */,
				49F50364CF1DEC98B4DCF4D0 /* [CP] Embed Pods Frameworks */,
				B3E76548AC7F131F1F04C331 /* [CP] Copy Pods Resources */,
			);
			buildRules = (
			);
			dependencies = (
				E13A8B531F617EA8002B32E4 /* PBXTargetDependency */,
			);
			name = Project1_DuyUITests;
			productName = Project1_DuyUITests;
			productReference = E13A8B511F617EA8002B32E4 /* Project1_DuyUITests.xctest */;
			productType = "com.apple.product-type.bundle.ui-testing";
		};
/* End PBXNativeTarget section */

/* Begin PBXProject section */
		E13A8B271F617EA8002B32E4 /* Project object */ = {
			isa = PBXProject;
			attributes = {
				LastSwiftUpdateCheck = 0830;
				LastUpgradeCheck = 0830;
				ORGANIZATIONNAME = Duy;
				TargetAttributes = {
					E13A8B2E1F617EA8002B32E4 = {
						CreatedOnToolsVersion = 8.3.2;
						DevelopmentTeam = RR46SGS9U5;
						LastSwiftMigration = 0900;
						ProvisioningStyle = Automatic;
					};
					E13A8B451F617EA8002B32E4 = {
						CreatedOnToolsVersion = 8.3.2;
						LastSwiftMigration = 0900;
						ProvisioningStyle = Manual;
						TestTargetID = E13A8B2E1F617EA8002B32E4;
					};
					E13A8B501F617EA8002B32E4 = {
						CreatedOnToolsVersion = 8.3.2;
						LastSwiftMigration = 0900;
						ProvisioningStyle = Manual;
						TestTargetID = E13A8B2E1F617EA8002B32E4;
					};
				};
			};
			buildConfigurationList = E13A8B2A1F617EA8002B32E4 /* Build configuration list for PBXProject "Project1_Duy" */;
			compatibilityVersion = "Xcode 3.2";
			developmentRegion = English;
			hasScannedForEncodings = 0;
			knownRegions = (
				en,
				Base,
			);
			mainGroup = E13A8B261F617EA8002B32E4;
			productRefGroup = E13A8B301F617EA8002B32E4 /* Products */;
			projectDirPath = "";
			projectRoot = "";
			targets = (
				E13A8B2E1F617EA8002B32E4 /* Project1_Duy */,
				E13A8B451F617EA8002B32E4 /* Project1_DuyTests */,
				E13A8B501F617EA8002B32E4 /* Project1_DuyUITests */,
			);
		};
/* End PBXProject section */

/* Begin PBXResourcesBuildPhase section */
		E13A8B2D1F617EA8002B32E4 /* Resources */ = {
			isa = PBXResourcesBuildPhase;
			buildActionMask = 2147483647;
			files = (
				E13A8B401F617EA8002B32E4 /* LaunchScreen.storyboard in Resources */,
				E13A8B3D1F617EA8002B32E4 /* Assets.xcassets in Resources */,
				E13A8B381F617EA8002B32E4 /* Main.storyboard in Resources */,
			);
			runOnlyForDeploymentPostprocessing = 0;
		};
		E13A8B441F617EA8002B32E4 /* Resources */ = {
			isa = PBXResourcesBuildPhase;
			buildActionMask = 2147483647;
			files = (
			);
			runOnlyForDeploymentPostprocessing = 0;
		};
		E13A8B4F1F617EA8002B32E4 /* Resources */ = {
			isa = PBXResourcesBuildPhase;
			buildActionMask = 2147483647;
			files = (
			);
			runOnlyForDeploymentPostprocessing = 0;
		};
/* End PBXResourcesBuildPhase section */

/* Begin PBXShellScriptBuildPhase section */
		48048689C54203745FC52F14 /* [CP] Check Pods Manifest.lock */ = {
			isa = PBXShellScriptBuildPhase;
			buildActionMask = 2147483647;
			files = (
			);
			inputPaths = (
				"${PODS_PODFILE_DIR_PATH}/Podfile.lock",
				"${PODS_ROOT}/Manifest.lock",
			);
			name = "[CP] Check Pods Manifest.lock";
			outputPaths = (
				"$(DERIVED_FILE_DIR)/Pods-Project1_DuyUITests-checkManifestLockResult.txt",
			);
			runOnlyForDeploymentPostprocessing = 0;
			shellPath = /bin/sh;
			shellScript = "diff \"${PODS_PODFILE_DIR_PATH}/Podfile.lock\" \"${PODS_ROOT}/Manifest.lock\" > /dev/null\nif [ $? != 0 ] ; then\n    # print error to STDERR\n    echo \"error: The sandbox is not in sync with the Podfile.lock. Run 'pod install' or update your CocoaPods installation.\" >&2\n    exit 1\nfi\n# This output is used by Xcode 'outputs' to avoid re-running this script phase.\necho \"SUCCESS\" > \"${SCRIPT_OUTPUT_FILE_0}\"\n";
			showEnvVarsInLog = 0;
		};
		49F50364CF1DEC98B4DCF4D0 /* [CP] Embed Pods Frameworks */ = {
			isa = PBXShellScriptBuildPhase;
			buildActionMask = 2147483647;
			files = (
			);
			inputPaths = (
			);
			name = "[CP] Embed Pods Frameworks";
			outputPaths = (
			);
			runOnlyForDeploymentPostprocessing = 0;
			shellPath = /bin/sh;
			shellScript = "\"${SRCROOT}/Pods/Target Support Files/Pods-Project1_DuyUITests/Pods-Project1_DuyUITests-frameworks.sh\"\n";
			showEnvVarsInLog = 0;
		};
		5D4005E0D03661D1F2139D00 /* [CP] Copy Pods Resources */ = {
			isa = PBXShellScriptBuildPhase;
			buildActionMask = 2147483647;
			files = (
			);
			inputPaths = (
			);
			name = "[CP] Copy Pods Resources";
			outputPaths = (
			);
			runOnlyForDeploymentPostprocessing = 0;
			shellPath = /bin/sh;
			shellScript = "\"${SRCROOT}/Pods/Target Support Files/Pods-Project1_DuyTests/Pods-Project1_DuyTests-resources.sh\"\n";
			showEnvVarsInLog = 0;
		};
		ABF4C28F581BBD0131180EB6 /* [CP] Embed Pods Frameworks */ = {
			isa = PBXShellScriptBuildPhase;
			buildActionMask = 2147483647;
			files = (
			);
			inputPaths = (
			);
			name = "[CP] Embed Pods Frameworks";
			outputPaths = (
			);
			runOnlyForDeploymentPostprocessing = 0;
			shellPath = /bin/sh;
			shellScript = "\"${SRCROOT}/Pods/Target Support Files/Pods-Project1_DuyTests/Pods-Project1_DuyTests-frameworks.sh\"\n";
			showEnvVarsInLog = 0;
		};
		B3E76548AC7F131F1F04C331 /* [CP] Copy Pods Resources */ = {
			isa = PBXShellScriptBuildPhase;
			buildActionMask = 2147483647;
			files = (
			);
			inputPaths = (
			);
			name = "[CP] Copy Pods Resources";
			outputPaths = (
			);
			runOnlyForDeploymentPostprocessing = 0;
			shellPath = /bin/sh;
			shellScript = "\"${SRCROOT}/Pods/Target Support Files/Pods-Project1_DuyUITests/Pods-Project1_DuyUITests-resources.sh\"\n";
			showEnvVarsInLog = 0;
		};
		D260B5AB395B01390FE034EB /* [CP] Check Pods Manifest.lock */ = {
			isa = PBXShellScriptBuildPhase;
			buildActionMask = 2147483647;
			files = (
			);
			inputPaths = (
				"${PODS_PODFILE_DIR_PATH}/Podfile.lock",
				"${PODS_ROOT}/Manifest.lock",
			);
			name = "[CP] Check Pods Manifest.lock";
			outputPaths = (
				"$(DERIVED_FILE_DIR)/Pods-Project1_DuyTests-checkManifestLockResult.txt",
			);
			runOnlyForDeploymentPostprocessing = 0;
			shellPath = /bin/sh;
			shellScript = "diff \"${PODS_PODFILE_DIR_PATH}/Podfile.lock\" \"${PODS_ROOT}/Manifest.lock\" > /dev/null\nif [ $? != 0 ] ; then\n    # print error to STDERR\n    echo \"error: The sandbox is not in sync with the Podfile.lock. Run 'pod install' or update your CocoaPods installation.\" >&2\n    exit 1\nfi\n# This output is used by Xcode 'outputs' to avoid re-running this script phase.\necho \"SUCCESS\" > \"${SCRIPT_OUTPUT_FILE_0}\"\n";
			showEnvVarsInLog = 0;
		};
		D3488A1363DA35E3287A804A /* [CP] Embed Pods Frameworks */ = {
			isa = PBXShellScriptBuildPhase;
			buildActionMask = 2147483647;
			files = (
			);
			inputPaths = (
				"${SRCROOT}/Pods/Target Support Files/Pods-Project1_Duy/Pods-Project1_Duy-frameworks.sh",
				"${BUILT_PRODUCTS_DIR}/Bolts/Bolts.framework",
				"${BUILT_PRODUCTS_DIR}/FBSDKCoreKit/FBSDKCoreKit.framework",
				"${BUILT_PRODUCTS_DIR}/FBSDKLoginKit/FBSDKLoginKit.framework",
				"${BUILT_PRODUCTS_DIR}/FBSDKShareKit/FBSDKShareKit.framework",
				"${BUILT_PRODUCTS_DIR}/FacebookCore/FacebookCore.framework",
				"${BUILT_PRODUCTS_DIR}/FacebookLogin/FacebookLogin.framework",
				"${BUILT_PRODUCTS_DIR}/FacebookShare/FacebookShare.framework",
				"${BUILT_PRODUCTS_DIR}/Realm/Realm.framework",
				"${BUILT_PRODUCTS_DIR}/RealmSwift/RealmSwift.framework",
				"${BUILT_PRODUCTS_DIR}/SnapKit/SnapKit.framework",
				"${BUILT_PRODUCTS_DIR}/TwicketSegmentedControl/TwicketSegmentedControl.framework",
			);
			name = "[CP] Embed Pods Frameworks";
			outputPaths = (
				"${TARGET_BUILD_DIR}/${FRAMEWORKS_FOLDER_PATH}/Bolts.framework",
				"${TARGET_BUILD_DIR}/${FRAMEWORKS_FOLDER_PATH}/FBSDKCoreKit.framework",
				"${TARGET_BUILD_DIR}/${FRAMEWORKS_FOLDER_PATH}/FBSDKLoginKit.framework",
				"${TARGET_BUILD_DIR}/${FRAMEWORKS_FOLDER_PATH}/FBSDKShareKit.framework",
				"${TARGET_BUILD_DIR}/${FRAMEWORKS_FOLDER_PATH}/FacebookCore.framework",
				"${TARGET_BUILD_DIR}/${FRAMEWORKS_FOLDER_PATH}/FacebookLogin.framework",
				"${TARGET_BUILD_DIR}/${FRAMEWORKS_FOLDER_PATH}/FacebookShare.framework",
				"${TARGET_BUILD_DIR}/${FRAMEWORKS_FOLDER_PATH}/Realm.framework",
				"${TARGET_BUILD_DIR}/${FRAMEWORKS_FOLDER_PATH}/RealmSwift.framework",
				"${TARGET_BUILD_DIR}/${FRAMEWORKS_FOLDER_PATH}/SnapKit.framework",
				"${TARGET_BUILD_DIR}/${FRAMEWORKS_FOLDER_PATH}/TwicketSegmentedControl.framework",
			);
			runOnlyForDeploymentPostprocessing = 0;
			shellPath = /bin/sh;
			shellScript = "\"${SRCROOT}/Pods/Target Support Files/Pods-Project1_Duy/Pods-Project1_Duy-frameworks.sh\"\n";
			showEnvVarsInLog = 0;
		};
		EEC33716F179585AFEC08881 /* [CP] Copy Pods Resources */ = {
			isa = PBXShellScriptBuildPhase;
			buildActionMask = 2147483647;
			files = (
			);
			inputPaths = (
			);
			name = "[CP] Copy Pods Resources";
			outputPaths = (
			);
			runOnlyForDeploymentPostprocessing = 0;
			shellPath = /bin/sh;
			shellScript = "\"${SRCROOT}/Pods/Target Support Files/Pods-Project1_Duy/Pods-Project1_Duy-resources.sh\"\n";
			showEnvVarsInLog = 0;
		};
		F29C7D8668C9510353EED8CB /* [CP] Check Pods Manifest.lock */ = {
			isa = PBXShellScriptBuildPhase;
			buildActionMask = 2147483647;
			files = (
			);
			inputPaths = (
				"${PODS_PODFILE_DIR_PATH}/Podfile.lock",
				"${PODS_ROOT}/Manifest.lock",
			);
			name = "[CP] Check Pods Manifest.lock";
			outputPaths = (
				"$(DERIVED_FILE_DIR)/Pods-Project1_Duy-checkManifestLockResult.txt",
			);
			runOnlyForDeploymentPostprocessing = 0;
			shellPath = /bin/sh;
			shellScript = "diff \"${PODS_PODFILE_DIR_PATH}/Podfile.lock\" \"${PODS_ROOT}/Manifest.lock\" > /dev/null\nif [ $? != 0 ] ; then\n    # print error to STDERR\n    echo \"error: The sandbox is not in sync with the Podfile.lock. Run 'pod install' or update your CocoaPods installation.\" >&2\n    exit 1\nfi\n# This output is used by Xcode 'outputs' to avoid re-running this script phase.\necho \"SUCCESS\" > \"${SCRIPT_OUTPUT_FILE_0}\"\n";
			showEnvVarsInLog = 0;
		};
/* End PBXShellScriptBuildPhase section */

/* Begin PBXSourcesBuildPhase section */
		E13A8B2B1F617EA8002B32E4 /* Sources */ = {
			isa = PBXSourcesBuildPhase;
			buildActionMask = 2147483647;
			files = (
				E1C239701F6A33E6000ECA09 /* SWRevealViewController.m in Sources */,
				E1C239721F6A3C16000ECA09 /* MenuSlide.swift in Sources */,
				E1C239781F6A5B9D000ECA09 /* MenuButton.swift in Sources */,
				E13A8B3B1F617EA8002B32E4 /* Project1_Duy.xcdatamodeld in Sources */,
				E184032C1F619B9C00570A74 /* Trang.swift in Sources */,
				E1A6B64E1FAA3F090023819E /* RightMenu.swift in Sources */,
				E1492B841F9A4044009AF557 /* webcontroller.swift in Sources */,
				E10437861F652C6600582385 /* ExtensionForUserDefauls.swift in Sources */,
				E157650D1FA481D20072FCE1 /* DangNhapcontroller.swift in Sources */,
				E1F2B3891F6CE67A00646F8F /* MenuTableViewCell.swift in Sources */,
				E152B6131FA8CFC000571CAF /* RealmService.swift in Sources */,
				E145D0131F63B387008990B4 /* Main.swift in Sources */,
				E1C4278F1FA9FDF7004929FA /* DangKyUserController.swift in Sources */,
				E1A6B6501FAA452F0023819E /* rightmenuCell.swift in Sources */,
				E152B6111FA8CBCE00571CAF /* UserRealm.swift in Sources */,
				E1C239761F6A5862000ECA09 /* MenuCusTableViewCell.swift in Sources */,
				E1F2B3871F6CE53E00646F8F /* XMLParser.swift in Sources */,
				E12F3D661F7B89E70076F377 /* MainTableViewCell.swift in Sources */,
				E13A8B351F617EA8002B32E4 /* ViewController.swift in Sources */,
				E145D0111F63A635008990B4 /* ChaoMungCell.swift in Sources */,
				E113B08C1FA1023C0041976C /* LoadingViewController.swift in Sources */,
				E145D00F1F624F9E008990B4 /* Extension.swift in Sources */,
				E10212831FA1D23C00450C9F /* UserProfile.swift in Sources */,
				E10437801F6529F400582385 /* NavigationCustom.swift in Sources */,
				E1CA48901F9B45D900716946 /* ManHinh2controller.swift in Sources */,
				E1B7048D1F61883B0084D0E9 /* PageCell.swift in Sources */,
				E10437821F652A6800582385 /* ManHinhHomeController.swift in Sources */,
				E13A8B331F617EA8002B32E4 /* AppDelegate.swift in Sources */,
				E152B60F1FA8CA4000571CAF /* Realm.swift in Sources */,
			);
			runOnlyForDeploymentPostprocessing = 0;
		};
		E13A8B421F617EA8002B32E4 /* Sources */ = {
			isa = PBXSourcesBuildPhase;
			buildActionMask = 2147483647;
			files = (
				E13A8B4B1F617EA8002B32E4 /* Project1_DuyTests.swift in Sources */,
			);
			runOnlyForDeploymentPostprocessing = 0;
		};
		E13A8B4D1F617EA8002B32E4 /* Sources */ = {
			isa = PBXSourcesBuildPhase;
			buildActionMask = 2147483647;
			files = (
				E13A8B561F617EA8002B32E4 /* Project1_DuyUITests.swift in Sources */,
			);
			runOnlyForDeploymentPostprocessing = 0;
		};
/* End PBXSourcesBuildPhase section */

/* Begin PBXTargetDependency section */
		E13A8B481F617EA8002B32E4 /* PBXTargetDependency */ = {
			isa = PBXTargetDependency;
			target = E13A8B2E1F617EA8002B32E4 /* Project1_Duy */;
			targetProxy = E13A8B471F617EA8002B32E4 /* PBXContainerItemProxy */;
		};
		E13A8B531F617EA8002B32E4 /* PBXTargetDependency */ = {
			isa = PBXTargetDependency;
			target = E13A8B2E1F617EA8002B32E4 /* Project1_Duy */;
			targetProxy = E13A8B521F617EA8002B32E4 /* PBXContainerItemProxy */;
		};
/* End PBXTargetDependency section */

/* Begin PBXVariantGroup section */
		E13A8B361F617EA8002B32E4 /* Main.storyboard */ = {
			isa = PBXVariantGroup;
			children = (
				E13A8B371F617EA8002B32E4 /* Base */,
			);
			name = Main.storyboard;
			sourceTree = "<group>";
		};
		E13A8B3E1F617EA8002B32E4 /* LaunchScreen.storyboard */ = {
			isa = PBXVariantGroup;
			children = (
				E13A8B3F1F617EA8002B32E4 /* Base */,
			);
			name = LaunchScreen.storyboard;
			sourceTree = "<group>";
		};
/* End PBXVariantGroup section */

/* Begin XCBuildConfiguration section */
		E13A8B581F617EA8002B32E4 /* Debug */ = {
			isa = XCBuildConfiguration;
			buildSettings = {
				ALWAYS_SEARCH_USER_PATHS = NO;
				CLANG_ANALYZER_NONNULL = YES;
				CLANG_ANALYZER_NUMBER_OBJECT_CONVERSION = YES_AGGRESSIVE;
				CLANG_CXX_LANGUAGE_STANDARD = "gnu++0x";
				CLANG_CXX_LIBRARY = "libc++";
				CLANG_ENABLE_MODULES = YES;
				CLANG_ENABLE_OBJC_ARC = YES;
				CLANG_WARN_BOOL_CONVERSION = YES;
				CLANG_WARN_CONSTANT_CONVERSION = YES;
				CLANG_WARN_DIRECT_OBJC_ISA_USAGE = YES_ERROR;
				CLANG_WARN_DOCUMENTATION_COMMENTS = YES;
				CLANG_WARN_EMPTY_BODY = YES;
				CLANG_WARN_ENUM_CONVERSION = YES;
				CLANG_WARN_INFINITE_RECURSION = YES;
				CLANG_WARN_INT_CONVERSION = YES;
				CLANG_WARN_OBJC_ROOT_CLASS = YES_ERROR;
				CLANG_WARN_SUSPICIOUS_MOVE = YES;
				CLANG_WARN_UNREACHABLE_CODE = YES;
				CLANG_WARN__DUPLICATE_METHOD_MATCH = YES;
				"CODE_SIGN_IDENTITY[sdk=iphoneos*]" = "iPhone Developer";
				COPY_PHASE_STRIP = NO;
				DEBUG_INFORMATION_FORMAT = dwarf;
				ENABLE_STRICT_OBJC_MSGSEND = YES;
				ENABLE_TESTABILITY = YES;
				GCC_C_LANGUAGE_STANDARD = gnu99;
				GCC_DYNAMIC_NO_PIC = NO;
				GCC_NO_COMMON_BLOCKS = YES;
				GCC_OPTIMIZATION_LEVEL = 0;
				GCC_PREPROCESSOR_DEFINITIONS = (
					"DEBUG=1",
					"$(inherited)",
				);
				GCC_WARN_64_TO_32_BIT_CONVERSION = YES;
				GCC_WARN_ABOUT_RETURN_TYPE = YES_ERROR;
				GCC_WARN_UNDECLARED_SELECTOR = YES;
				GCC_WARN_UNINITIALIZED_AUTOS = YES_AGGRESSIVE;
				GCC_WARN_UNUSED_FUNCTION = YES;
				GCC_WARN_UNUSED_VARIABLE = YES;
				IPHONEOS_DEPLOYMENT_TARGET = 10.3;
				MTL_ENABLE_DEBUG_INFO = YES;
				ONLY_ACTIVE_ARCH = YES;
				SDKROOT = iphoneos;
				SWIFT_ACTIVE_COMPILATION_CONDITIONS = DEBUG;
				SWIFT_OPTIMIZATION_LEVEL = "-Onone";
				TARGETED_DEVICE_FAMILY = "1,2";
			};
			name = Debug;
		};
		E13A8B591F617EA8002B32E4 /* Release */ = {
			isa = XCBuildConfiguration;
			buildSettings = {
				ALWAYS_SEARCH_USER_PATHS = NO;
				CLANG_ANALYZER_NONNULL = YES;
				CLANG_ANALYZER_NUMBER_OBJECT_CONVERSION = YES_AGGRESSIVE;
				CLANG_CXX_LANGUAGE_STANDARD = "gnu++0x";
				CLANG_CXX_LIBRARY = "libc++";
				CLANG_ENABLE_MODULES = YES;
				CLANG_ENABLE_OBJC_ARC = YES;
				CLANG_WARN_BOOL_CONVERSION = YES;
				CLANG_WARN_CONSTANT_CONVERSION = YES;
				CLANG_WARN_DIRECT_OBJC_ISA_USAGE = YES_ERROR;
				CLANG_WARN_DOCUMENTATION_COMMENTS = YES;
				CLANG_WARN_EMPTY_BODY = YES;
				CLANG_WARN_ENUM_CONVERSION = YES;
				CLANG_WARN_INFINITE_RECURSION = YES;
				CLANG_WARN_INT_CONVERSION = YES;
				CLANG_WARN_OBJC_ROOT_CLASS = YES_ERROR;
				CLANG_WARN_SUSPICIOUS_MOVE = YES;
				CLANG_WARN_UNREACHABLE_CODE = YES;
				CLANG_WARN__DUPLICATE_METHOD_MATCH = YES;
				"CODE_SIGN_IDENTITY[sdk=iphoneos*]" = "iPhone Developer";
				COPY_PHASE_STRIP = NO;
				DEBUG_INFORMATION_FORMAT = "dwarf-with-dsym";
				ENABLE_NS_ASSERTIONS = NO;
				ENABLE_STRICT_OBJC_MSGSEND = YES;
				GCC_C_LANGUAGE_STANDARD = gnu99;
				GCC_NO_COMMON_BLOCKS = YES;
				GCC_WARN_64_TO_32_BIT_CONVERSION = YES;
				GCC_WARN_ABOUT_RETURN_TYPE = YES_ERROR;
				GCC_WARN_UNDECLARED_SELECTOR = YES;
				GCC_WARN_UNINITIALIZED_AUTOS = YES_AGGRESSIVE;
				GCC_WARN_UNUSED_FUNCTION = YES;
				GCC_WARN_UNUSED_VARIABLE = YES;
				IPHONEOS_DEPLOYMENT_TARGET = 10.3;
				MTL_ENABLE_DEBUG_INFO = NO;
				SDKROOT = iphoneos;
				SWIFT_OPTIMIZATION_LEVEL = "-Owholemodule";
				TARGETED_DEVICE_FAMILY = "1,2";
				VALIDATE_PRODUCT = YES;
			};
			name = Release;
		};
		E13A8B5B1F617EA8002B32E4 /* Debug */ = {
			isa = XCBuildConfiguration;
			baseConfigurationReference = 875C605CF7B5674BB51AA7E1 /* Pods-Project1_Duy.debug.xcconfig */;
			buildSettings = {
				ASSETCATALOG_COMPILER_APPICON_NAME = AppIcon;
				CLANG_ENABLE_MODULES = YES;
				"CODE_SIGN_IDENTITY[sdk=iphoneos*]" = "iPhone Developer";
				CODE_SIGN_STYLE = Automatic;
				DEVELOPMENT_TEAM = RR46SGS9U5;
				INFOPLIST_FILE = Project1_Duy/Info.plist;
				IPHONEOS_DEPLOYMENT_TARGET = 10.0;
				LD_RUNPATH_SEARCH_PATHS = "$(inherited) @executable_path/Frameworks";
				PRODUCT_BUNDLE_IDENTIFIER = "AGU.Project1-Duy";
				PRODUCT_NAME = "$(TARGET_NAME)";
				PROVISIONING_PROFILE_SPECIFIER = "";
				SWIFT_OBJC_BRIDGING_HEADER = "Project1_Duy/Project1_Duy-Bridging-Header.h";
				SWIFT_OPTIMIZATION_LEVEL = "-Onone";
				SWIFT_SWIFT3_OBJC_INFERENCE = On;
				SWIFT_VERSION = 4.0;
			};
			name = Debug;
		};
		E13A8B5C1F617EA8002B32E4 /* Release */ = {
			isa = XCBuildConfiguration;
			baseConfigurationReference = F9EC620ABB6735BC5AD777BB /* Pods-Project1_Duy.release.xcconfig */;
			buildSettings = {
				ASSETCATALOG_COMPILER_APPICON_NAME = AppIcon;
				CLANG_ENABLE_MODULES = YES;
				"CODE_SIGN_IDENTITY[sdk=iphoneos*]" = "iPhone Developer";
				CODE_SIGN_STYLE = Automatic;
				DEVELOPMENT_TEAM = RR46SGS9U5;
				INFOPLIST_FILE = Project1_Duy/Info.plist;
				IPHONEOS_DEPLOYMENT_TARGET = 10.0;
				LD_RUNPATH_SEARCH_PATHS = "$(inherited) @executable_path/Frameworks";
				PRODUCT_BUNDLE_IDENTIFIER = "AGU.Project1-Duy";
				PRODUCT_NAME = "$(TARGET_NAME)";
				PROVISIONING_PROFILE_SPECIFIER = "";
				SWIFT_OBJC_BRIDGING_HEADER = "Project1_Duy/Project1_Duy-Bridging-Header.h";
				SWIFT_SWIFT3_OBJC_INFERENCE = On;
				SWIFT_VERSION = 4.0;
			};
			name = Release;
		};
		E13A8B5E1F617EA8002B32E4 /* Debug */ = {
			isa = XCBuildConfiguration;
			baseConfigurationReference = 21FD10BD690DAE6FBFFD8E00 /* Pods-Project1_DuyTests.debug.xcconfig */;
			buildSettings = {
				ALWAYS_EMBED_SWIFT_STANDARD_LIBRARIES = YES;
				BUNDLE_LOADER = "$(TEST_HOST)";
				CODE_SIGN_STYLE = Manual;
				DEVELOPMENT_TEAM = "";
				INFOPLIST_FILE = Project1_DuyTests/Info.plist;
				LD_RUNPATH_SEARCH_PATHS = "$(inherited) @executable_path/Frameworks @loader_path/Frameworks";
				PRODUCT_BUNDLE_IDENTIFIER = "AGU.Project1-DuyTests";
				PRODUCT_NAME = "$(TARGET_NAME)";
				PROVISIONING_PROFILE_SPECIFIER = "";
				SWIFT_SWIFT3_OBJC_INFERENCE = On;
				SWIFT_VERSION = 4.0;
				TEST_HOST = "$(BUILT_PRODUCTS_DIR)/Project1_Duy.app/Project1_Duy";
			};
			name = Debug;
		};
		E13A8B5F1F617EA8002B32E4 /* Release */ = {
			isa = XCBuildConfiguration;
			baseConfigurationReference = 6E02FB9DDAF6F28573CC0034 /* Pods-Project1_DuyTests.release.xcconfig */;
			buildSettings = {
				ALWAYS_EMBED_SWIFT_STANDARD_LIBRARIES = YES;
				BUNDLE_LOADER = "$(TEST_HOST)";
				CODE_SIGN_STYLE = Manual;
				DEVELOPMENT_TEAM = "";
				INFOPLIST_FILE = Project1_DuyTests/Info.plist;
				LD_RUNPATH_SEARCH_PATHS = "$(inherited) @executable_path/Frameworks @loader_path/Frameworks";
				PRODUCT_BUNDLE_IDENTIFIER = "AGU.Project1-DuyTests";
				PRODUCT_NAME = "$(TARGET_NAME)";
				PROVISIONING_PROFILE_SPECIFIER = "";
				SWIFT_SWIFT3_OBJC_INFERENCE = On;
				SWIFT_VERSION = 4.0;
				TEST_HOST = "$(BUILT_PRODUCTS_DIR)/Project1_Duy.app/Project1_Duy";
			};
			name = Release;
		};
		E13A8B611F617EA8002B32E4 /* Debug */ = {
			isa = XCBuildConfiguration;
			baseConfigurationReference = 7C7610DC613DA80A15323AC8 /* Pods-Project1_DuyUITests.debug.xcconfig */;
			buildSettings = {
				ALWAYS_EMBED_SWIFT_STANDARD_LIBRARIES = YES;
				CODE_SIGN_IDENTITY = "iPhone Developer";
				CODE_SIGN_STYLE = Manual;
				DEVELOPMENT_TEAM = "";
				INFOPLIST_FILE = Project1_DuyUITests/Info.plist;
				LD_RUNPATH_SEARCH_PATHS = "$(inherited) @executable_path/Frameworks @loader_path/Frameworks";
				PRODUCT_BUNDLE_IDENTIFIER = "AGU.Project1-DuyUITests";
				PRODUCT_NAME = "$(TARGET_NAME)";
				PROVISIONING_PROFILE_SPECIFIER = "";
				SWIFT_SWIFT3_OBJC_INFERENCE = On;
				SWIFT_VERSION = 4.0;
				TEST_TARGET_NAME = Project1_Duy;
			};
			name = Debug;
		};
		E13A8B621F617EA8002B32E4 /* Release */ = {
			isa = XCBuildConfiguration;
			baseConfigurationReference = 65B49D9CBAEC1CE2FA6B4B99 /* Pods-Project1_DuyUITests.release.xcconfig */;
			buildSettings = {
				ALWAYS_EMBED_SWIFT_STANDARD_LIBRARIES = YES;
				CODE_SIGN_IDENTITY = "iPhone Developer";
				CODE_SIGN_STYLE = Manual;
				DEVELOPMENT_TEAM = "";
				INFOPLIST_FILE = Project1_DuyUITests/Info.plist;
				LD_RUNPATH_SEARCH_PATHS = "$(inherited) @executable_path/Frameworks @loader_path/Frameworks";
				PRODUCT_BUNDLE_IDENTIFIER = "AGU.Project1-DuyUITests";
				PRODUCT_NAME = "$(TARGET_NAME)";
				PROVISIONING_PROFILE_SPECIFIER = "";
				SWIFT_SWIFT3_OBJC_INFERENCE = On;
				SWIFT_VERSION = 4.0;
				TEST_TARGET_NAME = Project1_Duy;
			};
			name = Release;
		};
/* End XCBuildConfiguration section */

/* Begin XCConfigurationList section */
		E13A8B2A1F617EA8002B32E4 /* Build configuration list for PBXProject "Project1_Duy" */ = {
			isa = XCConfigurationList;
			buildConfigurations = (
				E13A8B581F617EA8002B32E4 /* Debug */,
				E13A8B591F617EA8002B32E4 /* Release */,
			);
			defaultConfigurationIsVisible = 0;
			defaultConfigurationName = Release;
		};
		E13A8B5A1F617EA8002B32E4 /* Build configuration list for PBXNativeTarget "Project1_Duy" */ = {
			isa = XCConfigurationList;
			buildConfigurations = (
				E13A8B5B1F617EA8002B32E4 /* Debug */,
				E13A8B5C1F617EA8002B32E4 /* Release */,
			);
			defaultConfigurationIsVisible = 0;
			defaultConfigurationName = Release;
		};
		E13A8B5D1F617EA8002B32E4 /* Build configuration list for PBXNativeTarget "Project1_DuyTests" */ = {
			isa = XCConfigurationList;
			buildConfigurations = (
				E13A8B5E1F617EA8002B32E4 /* Debug */,
				E13A8B5F1F617EA8002B32E4 /* Release */,
			);
			defaultConfigurationIsVisible = 0;
			defaultConfigurationName = Release;
		};
		E13A8B601F617EA8002B32E4 /* Build configuration list for PBXNativeTarget "Project1_DuyUITests" */ = {
			isa = XCConfigurationList;
			buildConfigurations = (
				E13A8B611F617EA8002B32E4 /* Debug */,
				E13A8B621F617EA8002B32E4 /* Release */,
			);
			defaultConfigurationIsVisible = 0;
			defaultConfigurationName = Release;
		};
/* End XCConfigurationList section */

/* Begin XCVersionGroup section */
		E13A8B391F617EA8002B32E4 /* Project1_Duy.xcdatamodeld */ = {
			isa = XCVersionGroup;
			children = (
				E13A8B3A1F617EA8002B32E4 /* Project1_Duy.xcdatamodel */,
			);
			currentVersion = E13A8B3A1F617EA8002B32E4 /* Project1_Duy.xcdatamodel */;
			path = Project1_Duy.xcdatamodeld;
			sourceTree = "<group>";
			versionGroupType = wrapper.xcdatamodel;
		};
/* End XCVersionGroup section */
	};
	rootObject = E13A8B271F617EA8002B32E4 /* Project object */;
}
